
Microsoft Visual Studio Solution File, Format Version 12.00
# Visual Studio Version 17
VisualStudioVersion = 17.0.31903.59
MinimumVisualStudioVersion = 10.0.40219.1
Project("{2150E333-8FDC-42A3-9474-1A3956D46DE8}") = "src", "src", "{827E0CD3-B72D-47B6-A68D-7590B98EB39B}"
EndProject
Project("{FAE04EC0-301F-11D3-BF4B-00C04F79EFBC}") = "APOD.Core", "src\APOD.Core\APOD.Core.csproj", "{AD090E6E-4706-4450-B3E3-06FE342AA9F1}"
EndProject
Project("{FAE04EC0-301F-11D3-BF4B-00C04F79EFBC}") = "APOD.Console", "src\APOD.Console\APOD.Console.csproj", "{F4147CE9-D002-44C8-BADE-B67C972305B4}"
EndProject
Project("{FAE04EC0-301F-11D3-BF4B-00C04F79EFBC}") = "APOD.UI", "src\APOD.UI\APOD.UI.csproj", "{CD2D9327-26DB-445C-BC98-5D95E38CC2AE}"
EndProject
Project("{FAE04EC0-301F-11D3-BF4B-00C04F79EFBC}") = "APOD.Tests", "src\APOD.Tests\APOD.Tests.csproj", "{71535A8A-0198-41CD-9039-FC06D59F18CD}"
EndProject
Global
	GlobalSection(SolutionConfigurationPlatforms) = preSolution
		Debug|Any CPU = Debug|Any CPU
		Debug|x64 = Debug|x64
		Debug|x86 = Debug|x86
		Release|Any CPU = Release|Any CPU
		Release|x64 = Release|x64
		Release|x86 = Release|x86
	EndGlobalSection
	GlobalSection(ProjectConfigurationPlatforms) = postSolution
		{AD090E6E-4706-4450-B3E3-06FE342AA9F1}.Debug|Any CPU.ActiveCfg = Debug|Any CPU
		{AD090E6E-4706-4450-B3E3-06FE342AA9F1}.Debug|Any CPU.Build.0 = Debug|Any CPU
		{AD090E6E-4706-4450-B3E3-06FE342AA9F1}.Debug|x64.ActiveCfg = Debug|Any CPU
		{AD090E6E-4706-4450-B3E3-06FE342AA9F1}.Debug|x64.Build.0 = Debug|Any CPU
		{AD090E6E-4706-4450-B3E3-06FE342AA9F1}.Debug|x86.ActiveCfg = Debug|Any CPU
		{AD090E6E-4706-4450-B3E3-06FE342AA9F1}.Debug|x86.Build.0 = Debug|Any CPU
		{AD090E6E-4706-4450-B3E3-06FE342AA9F1}.Release|Any CPU.ActiveCfg = Release|Any CPU
		{AD090E6E-4706-4450-B3E3-06FE342AA9F1}.Release|Any CPU.Build.0 = Release|Any CPU
		{AD090E6E-4706-4450-B3E3-06FE342AA9F1}.Release|x64.ActiveCfg = Release|Any CPU
		{AD090E6E-4706-4450-B3E3-06FE342AA9F1}.Release|x64.Build.0 = Release|Any CPU
		{AD090E6E-4706-4450-B3E3-06FE342AA9F1}.Release|x86.ActiveCfg = Release|Any CPU
		{AD090E6E-4706-4450-B3E3-06FE342AA9F1}.Release|x86.Build.0 = Release|Any CPU
		{F4147CE9-D002-44C8-BADE-B67C972305B4}.Debug|Any CPU.ActiveCfg = Debug|Any CPU
		{F4147CE9-D002-44C8-BADE-B67C972305B4}.Debug|Any CPU.Build.0 = Debug|Any CPU
		{F4147CE9-D002-44C8-BADE-B67C972305B4}.Debug|x64.ActiveCfg = Debug|Any CPU
		{F4147CE9-D002-44C8-BADE-B67C972305B4}.Debug|x64.Build.0 = Debug|Any CPU
		{F4147CE9-D002-44C8-BADE-B67C972305B4}.Debug|x86.ActiveCfg = Debug|Any CPU
		{F4147CE9-D002-44C8-BADE-B67C972305B4}.Debug|x86.Build.0 = Debug|Any CPU
		{F4147CE9-D002-44C8-BADE-B67C972305B4}.Release|Any CPU.ActiveCfg = Release|Any CPU
		{F4147CE9-D002-44C8-BADE-B67C972305B4}.Release|Any CPU.Build.0 = Release|Any CPU
		{F4147CE9-D002-44C8-BADE-B67C972305B4}.Release|x64.ActiveCfg = Release|Any CPU
		{F4147CE9-D002-44C8-BADE-B67C972305B4}.Release|x64.Build.0 = Release|Any CPU
		{F4147CE9-D002-44C8-BADE-B67C972305B4}.Release|x86.ActiveCfg = Release|Any CPU
		{F4147CE9-D002-44C8-BADE-B67C972305B4}.Release|x86.Build.0 = Release|Any CPU
		{CD2D9327-26DB-445C-BC98-5D95E38CC2AE}.Debug|Any CPU.ActiveCfg = Debug|Any CPU
		{CD2D9327-26DB-445C-BC98-5D95E38CC2AE}.Debug|Any CPU.Build.0 = Debug|Any CPU
		{CD2D9327-26DB-445C-BC98-5D95E38CC2AE}.Debug|x64.ActiveCfg = Debug|Any CPU
		{CD2D9327-26DB-445C-BC98-5D95E38CC2AE}.Debug|x64.Build.0 = Debug|Any CPU
		{CD2D9327-26DB-445C-BC98-5D95E38CC2AE}.Debug|x86.ActiveCfg = Debug|Any CPU
		{CD2D9327-26DB-445C-BC98-5D95E38CC2AE}.Debug|x86.Build.0 = Debug|Any CPU
		{CD2D9327-26DB-445C-BC98-5D95E38CC2AE}.Release|Any CPU.ActiveCfg = Release|Any CPU
		{CD2D9327-26DB-445C-BC98-5D95E38CC2AE}.Release|Any CPU.Build.0 = Release|Any CPU
		{CD2D9327-26DB-445C-BC98-5D95E38CC2AE}.Release|x64.ActiveCfg = Release|Any CPU
		{CD2D9327-26DB-445C-BC98-5D95E38CC2AE}.Release|x64.Build.0 = Release|Any CPU
		{CD2D9327-26DB-445C-BC98-5D95E38CC2AE}.Release|x86.ActiveCfg = Release|Any CPU
		{CD2D9327-26DB-445C-BC98-5D95E38CC2AE}.Release|x86.Build.0 = Release|Any CPU
		{71535A8A-0198-41CD-9039-FC06D59F18CD}.Debug|Any CPU.ActiveCfg = Debug|Any CPU
		{71535A8A-0198-41CD-9039-FC06D59F18CD}.Debug|Any CPU.Build.0 = Debug|Any CPU
		{71535A8A-0198-41CD-9039-FC06D59F18CD}.Debug|x64.ActiveCfg = Debug|Any CPU
		{71535A8A-0198-41CD-9039-FC06D59F18CD}.Debug|x64.Build.0 = Debug|Any CPU
		{71535A8A-0198-41CD-9039-FC06D59F18CD}.Debug|x86.ActiveCfg = Debug|Any CPU
		{71535A8A-0198-41CD-9039-FC06D59F18CD}.Debug|x86.Build.0 = Debug|Any CPU
		{71535A8A-0198-41CD-9039-FC06D59F18CD}.Release|Any CPU.ActiveCfg = Release|Any CPU
		{71535A8A-0198-41CD-9039-FC06D59F18CD}.Release|Any CPU.Build.0 = Release|Any CPU
		{71535A8A-0198-41CD-9039-FC06D59F18CD}.Release|x64.ActiveCfg = Release|Any CPU
		{71535A8A-0198-41CD-9039-FC06D59F18CD}.Release|x64.Build.0 = Release|Any CPU
		{71535A8A-0198-41CD-9039-FC06D59F18CD}.Release|x86.ActiveCfg = Release|Any CPU
		{71535A8A-0198-41CD-9039-FC06D59F18CD}.Release|x86.Build.0 = Release|Any CPU
	EndGlobalSection
	GlobalSection(SolutionProperties) = preSolution
		HideSolutionNode = FALSE
	EndGlobalSection
	GlobalSection(NestedProjects) = preSolution
		{AD090E6E-4706-4450-B3E3-06FE342AA9F1} = {827E0CD3-B72D-47B6-A68D-7590B98EB39B}
		{F4147CE9-D002-44C8-BADE-B67C972305B4} = {827E0CD3-B72D-47B6-A68D-7590B98EB39B}
		{CD2D9327-26DB-445C-BC98-5D95E38CC2AE} = {827E0CD3-B72D-47B6-A68D-7590B98EB39B}
		{71535A8A-0198-41CD-9039-FC06D59F18CD} = {827E0CD3-B72D-47B6-A68D-7590B98EB39B}
	EndGlobalSection
EndGlobal
